
Microsoft Visual Studio Solution File, Format Version 12.00
# Visual Studio Version 17
VisualStudioVersion = 17.9.34321.82
MinimumVisualStudioVersion = 10.0.40219.1
Project("{9A19103F-16F7-4668-BE54-9A1E7A4F7556}") = "Day01a", "Day01a\Day01a.csproj", "{DFB30097-714C-4404-8175-1E5FA88EDAFA}"
EndProject
Project("{9A19103F-16F7-4668-BE54-9A1E7A4F7556}") = "UsefulStuff", "UsefulStuff\UsefulStuff.csproj", "{2DCFB96C-37B3-49E8-811F-1A78551EDD97}"
EndProject
Project("{9A19103F-16F7-4668-BE54-9A1E7A4F7556}") = "Day01b", "Day01b\Day01b.csproj", "{D9943E90-2F6B-463D-89E8-4AB2AEE5FE1E}"
EndProject
Project("{9A19103F-16F7-4668-BE54-9A1E7A4F7556}") = "Day02a", "Day02a\Day02a.csproj", "{07B71FEE-F1CA-4137-A75D-B2CB87486FB8}"
EndProject
Project("{9A19103F-16F7-4668-BE54-9A1E7A4F7556}") = "Day02b", "Day02b\Day02b.csproj", "{7BBE6A96-0F4B-46B7-9F7B-D75800A2A42D}"
EndProject
Project("{9A19103F-16F7-4668-BE54-9A1E7A4F7556}") = "Day03a", "Day03a\Day03a.csproj", "{B151C3BA-A488-4F5F-9DB2-0ED4E43A0AEB}"
EndProject
Project("{FAE04EC0-301F-11D3-BF4B-00C04F79EFBC}") = "Day03b", "Day03b\Day03b.csproj", "{2FA987C0-3D02-4410-9B1C-8721C66FE3EC}"
EndProject
Project("{FAE04EC0-301F-11D3-BF4B-00C04F79EFBC}") = "Day04a", "Day04a\Day04a.csproj", "{EDD3B515-CE17-42F1-BEAF-10FE9ED4047D}"
EndProject
Global
	GlobalSection(SolutionConfigurationPlatforms) = preSolution
		Debug|Any CPU = Debug|Any CPU
		Release|Any CPU = Release|Any CPU
	EndGlobalSection
	GlobalSection(ProjectConfigurationPlatforms) = postSolution
		{DFB30097-714C-4404-8175-1E5FA88EDAFA}.Debug|Any CPU.ActiveCfg = Debug|Any CPU
		{DFB30097-714C-4404-8175-1E5FA88EDAFA}.Debug|Any CPU.Build.0 = Debug|Any CPU
		{DFB30097-714C-4404-8175-1E5FA88EDAFA}.Release|Any CPU.ActiveCfg = Release|Any CPU
		{DFB30097-714C-4404-8175-1E5FA88EDAFA}.Release|Any CPU.Build.0 = Release|Any CPU
		{2DCFB96C-37B3-49E8-811F-1A78551EDD97}.Debug|Any CPU.ActiveCfg = Debug|Any CPU
		{2DCFB96C-37B3-49E8-811F-1A78551EDD97}.Debug|Any CPU.Build.0 = Debug|Any CPU
		{2DCFB96C-37B3-49E8-811F-1A78551EDD97}.Release|Any CPU.ActiveCfg = Release|Any CPU
		{2DCFB96C-37B3-49E8-811F-1A78551EDD97}.Release|Any CPU.Build.0 = Release|Any CPU
		{D9943E90-2F6B-463D-89E8-4AB2AEE5FE1E}.Debug|Any CPU.ActiveCfg = Debug|Any CPU
		{D9943E90-2F6B-463D-89E8-4AB2AEE5FE1E}.Debug|Any CPU.Build.0 = Debug|Any CPU
		{D9943E90-2F6B-463D-89E8-4AB2AEE5FE1E}.Release|Any CPU.ActiveCfg = Release|Any CPU
		{D9943E90-2F6B-463D-89E8-4AB2AEE5FE1E}.Release|Any CPU.Build.0 = Release|Any CPU
		{07B71FEE-F1CA-4137-A75D-B2CB87486FB8}.Debug|Any CPU.ActiveCfg = Debug|Any CPU
		{07B71FEE-F1CA-4137-A75D-B2CB87486FB8}.Debug|Any CPU.Build.0 = Debug|Any CPU
		{07B71FEE-F1CA-4137-A75D-B2CB87486FB8}.Release|Any CPU.ActiveCfg = Release|Any CPU
		{07B71FEE-F1CA-4137-A75D-B2CB87486FB8}.Release|Any CPU.Build.0 = Release|Any CPU
		{7BBE6A96-0F4B-46B7-9F7B-D75800A2A42D}.Debug|Any CPU.ActiveCfg = Debug|Any CPU
		{7BBE6A96-0F4B-46B7-9F7B-D75800A2A42D}.Debug|Any CPU.Build.0 = Debug|Any CPU
		{7BBE6A96-0F4B-46B7-9F7B-D75800A2A42D}.Release|Any CPU.ActiveCfg = Release|Any CPU
		{7BBE6A96-0F4B-46B7-9F7B-D75800A2A42D}.Release|Any CPU.Build.0 = Release|Any CPU
		{B151C3BA-A488-4F5F-9DB2-0ED4E43A0AEB}.Debug|Any CPU.ActiveCfg = Debug|Any CPU
		{B151C3BA-A488-4F5F-9DB2-0ED4E43A0AEB}.Debug|Any CPU.Build.0 = Debug|Any CPU
		{B151C3BA-A488-4F5F-9DB2-0ED4E43A0AEB}.Release|Any CPU.ActiveCfg = Release|Any CPU
		{B151C3BA-A488-4F5F-9DB2-0ED4E43A0AEB}.Release|Any CPU.Build.0 = Release|Any CPU
		{2FA987C0-3D02-4410-9B1C-8721C66FE3EC}.Debug|Any CPU.ActiveCfg = Debug|Any CPU
		{2FA987C0-3D02-4410-9B1C-8721C66FE3EC}.Debug|Any CPU.Build.0 = Debug|Any CPU
		{2FA987C0-3D02-4410-9B1C-8721C66FE3EC}.Release|Any CPU.ActiveCfg = Release|Any CPU
		{2FA987C0-3D02-4410-9B1C-8721C66FE3EC}.Release|Any CPU.Build.0 = Release|Any CPU
		{EDD3B515-CE17-42F1-BEAF-10FE9ED4047D}.Debug|Any CPU.ActiveCfg = Debug|Any CPU
		{EDD3B515-CE17-42F1-BEAF-10FE9ED4047D}.Debug|Any CPU.Build.0 = Debug|Any CPU
		{EDD3B515-CE17-42F1-BEAF-10FE9ED4047D}.Release|Any CPU.ActiveCfg = Release|Any CPU
		{EDD3B515-CE17-42F1-BEAF-10FE9ED4047D}.Release|Any CPU.Build.0 = Release|Any CPU
	EndGlobalSection
	GlobalSection(SolutionProperties) = preSolution
		HideSolutionNode = FALSE
	EndGlobalSection
	GlobalSection(ExtensibilityGlobals) = postSolution
		SolutionGuid = {E93E66AC-08CC-422D-A948-3868B020D999}
	EndGlobalSection
EndGlobal
