
Microsoft Visual Studio Solution File, Format Version 12.00
# Visual Studio Version 17
VisualStudioVersion = 17.9.34321.82
MinimumVisualStudioVersion = 10.0.40219.1
Project("{9A19103F-16F7-4668-BE54-9A1E7A4F7556}") = "Day01a", "Day01a\Day01a.csproj", "{DFB30097-714C-4404-8175-1E5FA88EDAFA}"
EndProject
Project("{9A19103F-16F7-4668-BE54-9A1E7A4F7556}") = "UsefulStuff", "UsefulStuff\UsefulStuff.csproj", "{2DCFB96C-37B3-49E8-811F-1A78551EDD97}"
EndProject
Project("{9A19103F-16F7-4668-BE54-9A1E7A4F7556}") = "Day01b", "Day01b\Day01b.csproj", "{D9943E90-2F6B-463D-89E8-4AB2AEE5FE1E}"
EndProject
Project("{9A19103F-16F7-4668-BE54-9A1E7A4F7556}") = "Day02a", "Day02a\Day02a.csproj", "{07B71FEE-F1CA-4137-A75D-B2CB87486FB8}"
EndProject
Project("{9A19103F-16F7-4668-BE54-9A1E7A4F7556}") = "Day02b", "Day02b\Day02b.csproj", "{7BBE6A96-0F4B-46B7-9F7B-D75800A2A42D}"
EndProject
Project("{9A19103F-16F7-4668-BE54-9A1E7A4F7556}") = "Day03a", "Day03a\Day03a.csproj", "{B151C3BA-A488-4F5F-9DB2-0ED4E43A0AEB}"
EndProject
Project("{9A19103F-16F7-4668-BE54-9A1E7A4F7556}") = "Day03b", "Day03b\Day03b.csproj", "{2FA987C0-3D02-4410-9B1C-8721C66FE3EC}"
EndProject
Project("{9A19103F-16F7-4668-BE54-9A1E7A4F7556}") = "Day04a", "Day04a\Day04a.csproj", "{EDD3B515-CE17-42F1-BEAF-10FE9ED4047D}"
EndProject
Project("{9A19103F-16F7-4668-BE54-9A1E7A4F7556}") = "Day04b", "Day04b\Day04b.csproj", "{3ABB3C7E-2BAC-4FDC-B458-73562753074A}"
EndProject
Project("{9A19103F-16F7-4668-BE54-9A1E7A4F7556}") = "Day05a", "Day05a\Day05a.csproj", "{C7EC4EEE-55CD-41AC-8C9E-965D67A8DCDE}"
EndProject
Project("{9A19103F-16F7-4668-BE54-9A1E7A4F7556}") = "Day05b", "Day05b\Day05b.csproj", "{BB1E6968-569E-4577-880D-878B0B73EFEA}"
EndProject
Project("{9A19103F-16F7-4668-BE54-9A1E7A4F7556}") = "Day06a", "Day06a\Day06a.csproj", "{2228D7BF-A608-4838-BCD0-B7078DE2A651}"
EndProject
Project("{9A19103F-16F7-4668-BE54-9A1E7A4F7556}") = "Day06b", "Day06b\Day06b.csproj", "{F1F74882-3E4C-42A0-8B6E-D907011DD9E2}"
EndProject
Project("{9A19103F-16F7-4668-BE54-9A1E7A4F7556}") = "Day07a", "Day07a\Day07a.csproj", "{25D4E2CF-0F63-438F-B148-10296135B52A}"
EndProject
Project("{9A19103F-16F7-4668-BE54-9A1E7A4F7556}") = "Day07b", "Day07b\Day07b.csproj", "{B2B96834-46FA-49AC-A4AF-3D86EA1ACBBC}"
EndProject
Project("{9A19103F-16F7-4668-BE54-9A1E7A4F7556}") = "Day08a", "Day08a\Day08a.csproj", "{E3B23826-D243-42EF-9FA0-13A63DB946CA}"
EndProject
Project("{9A19103F-16F7-4668-BE54-9A1E7A4F7556}") = "Day08b", "Day08b\Day08b.csproj", "{81981D7B-7035-4A27-B4C3-C6D7F9442498}"
EndProject
Project("{FAE04EC0-301F-11D3-BF4B-00C04F79EFBC}") = "Day09a", "Day09a\Day09a.csproj", "{895252F9-F2E9-4161-916C-083BFE3768BC}"
EndProject
Global
	GlobalSection(SolutionConfigurationPlatforms) = preSolution
		Debug|Any CPU = Debug|Any CPU
		Release|Any CPU = Release|Any CPU
	EndGlobalSection
	GlobalSection(ProjectConfigurationPlatforms) = postSolution
		{DFB30097-714C-4404-8175-1E5FA88EDAFA}.Debug|Any CPU.ActiveCfg = Debug|Any CPU
		{DFB30097-714C-4404-8175-1E5FA88EDAFA}.Debug|Any CPU.Build.0 = Debug|Any CPU
		{DFB30097-714C-4404-8175-1E5FA88EDAFA}.Release|Any CPU.ActiveCfg = Release|Any CPU
		{DFB30097-714C-4404-8175-1E5FA88EDAFA}.Release|Any CPU.Build.0 = Release|Any CPU
		{2DCFB96C-37B3-49E8-811F-1A78551EDD97}.Debug|Any CPU.ActiveCfg = Debug|Any CPU
		{2DCFB96C-37B3-49E8-811F-1A78551EDD97}.Debug|Any CPU.Build.0 = Debug|Any CPU
		{2DCFB96C-37B3-49E8-811F-1A78551EDD97}.Release|Any CPU.ActiveCfg = Release|Any CPU
		{2DCFB96C-37B3-49E8-811F-1A78551EDD97}.Release|Any CPU.Build.0 = Release|Any CPU
		{D9943E90-2F6B-463D-89E8-4AB2AEE5FE1E}.Debug|Any CPU.ActiveCfg = Debug|Any CPU
		{D9943E90-2F6B-463D-89E8-4AB2AEE5FE1E}.Debug|Any CPU.Build.0 = Debug|Any CPU
		{D9943E90-2F6B-463D-89E8-4AB2AEE5FE1E}.Release|Any CPU.ActiveCfg = Release|Any CPU
		{D9943E90-2F6B-463D-89E8-4AB2AEE5FE1E}.Release|Any CPU.Build.0 = Release|Any CPU
		{07B71FEE-F1CA-4137-A75D-B2CB87486FB8}.Debug|Any CPU.ActiveCfg = Debug|Any CPU
		{07B71FEE-F1CA-4137-A75D-B2CB87486FB8}.Debug|Any CPU.Build.0 = Debug|Any CPU
		{07B71FEE-F1CA-4137-A75D-B2CB87486FB8}.Release|Any CPU.ActiveCfg = Release|Any CPU
		{07B71FEE-F1CA-4137-A75D-B2CB87486FB8}.Release|Any CPU.Build.0 = Release|Any CPU
		{7BBE6A96-0F4B-46B7-9F7B-D75800A2A42D}.Debug|Any CPU.ActiveCfg = Debug|Any CPU
		{7BBE6A96-0F4B-46B7-9F7B-D75800A2A42D}.Debug|Any CPU.Build.0 = Debug|Any CPU
		{7BBE6A96-0F4B-46B7-9F7B-D75800A2A42D}.Release|Any CPU.ActiveCfg = Release|Any CPU
		{7BBE6A96-0F4B-46B7-9F7B-D75800A2A42D}.Release|Any CPU.Build.0 = Release|Any CPU
		{B151C3BA-A488-4F5F-9DB2-0ED4E43A0AEB}.Debug|Any CPU.ActiveCfg = Debug|Any CPU
		{B151C3BA-A488-4F5F-9DB2-0ED4E43A0AEB}.Debug|Any CPU.Build.0 = Debug|Any CPU
		{B151C3BA-A488-4F5F-9DB2-0ED4E43A0AEB}.Release|Any CPU.ActiveCfg = Release|Any CPU
		{B151C3BA-A488-4F5F-9DB2-0ED4E43A0AEB}.Release|Any CPU.Build.0 = Release|Any CPU
		{2FA987C0-3D02-4410-9B1C-8721C66FE3EC}.Debug|Any CPU.ActiveCfg = Debug|Any CPU
		{2FA987C0-3D02-4410-9B1C-8721C66FE3EC}.Debug|Any CPU.Build.0 = Debug|Any CPU
		{2FA987C0-3D02-4410-9B1C-8721C66FE3EC}.Release|Any CPU.ActiveCfg = Release|Any CPU
		{2FA987C0-3D02-4410-9B1C-8721C66FE3EC}.Release|Any CPU.Build.0 = Release|Any CPU
		{EDD3B515-CE17-42F1-BEAF-10FE9ED4047D}.Debug|Any CPU.ActiveCfg = Debug|Any CPU
		{EDD3B515-CE17-42F1-BEAF-10FE9ED4047D}.Debug|Any CPU.Build.0 = Debug|Any CPU
		{EDD3B515-CE17-42F1-BEAF-10FE9ED4047D}.Release|Any CPU.ActiveCfg = Release|Any CPU
		{EDD3B515-CE17-42F1-BEAF-10FE9ED4047D}.Release|Any CPU.Build.0 = Release|Any CPU
		{3ABB3C7E-2BAC-4FDC-B458-73562753074A}.Debug|Any CPU.ActiveCfg = Debug|Any CPU
		{3ABB3C7E-2BAC-4FDC-B458-73562753074A}.Debug|Any CPU.Build.0 = Debug|Any CPU
		{3ABB3C7E-2BAC-4FDC-B458-73562753074A}.Release|Any CPU.ActiveCfg = Release|Any CPU
		{3ABB3C7E-2BAC-4FDC-B458-73562753074A}.Release|Any CPU.Build.0 = Release|Any CPU
		{C7EC4EEE-55CD-41AC-8C9E-965D67A8DCDE}.Debug|Any CPU.ActiveCfg = Debug|Any CPU
		{C7EC4EEE-55CD-41AC-8C9E-965D67A8DCDE}.Debug|Any CPU.Build.0 = Debug|Any CPU
		{C7EC4EEE-55CD-41AC-8C9E-965D67A8DCDE}.Release|Any CPU.ActiveCfg = Release|Any CPU
		{C7EC4EEE-55CD-41AC-8C9E-965D67A8DCDE}.Release|Any CPU.Build.0 = Release|Any CPU
		{BB1E6968-569E-4577-880D-878B0B73EFEA}.Debug|Any CPU.ActiveCfg = Debug|Any CPU
		{BB1E6968-569E-4577-880D-878B0B73EFEA}.Debug|Any CPU.Build.0 = Debug|Any CPU
		{BB1E6968-569E-4577-880D-878B0B73EFEA}.Release|Any CPU.ActiveCfg = Release|Any CPU
		{BB1E6968-569E-4577-880D-878B0B73EFEA}.Release|Any CPU.Build.0 = Release|Any CPU
		{2228D7BF-A608-4838-BCD0-B7078DE2A651}.Debug|Any CPU.ActiveCfg = Debug|Any CPU
		{2228D7BF-A608-4838-BCD0-B7078DE2A651}.Debug|Any CPU.Build.0 = Debug|Any CPU
		{2228D7BF-A608-4838-BCD0-B7078DE2A651}.Release|Any CPU.ActiveCfg = Release|Any CPU
		{2228D7BF-A608-4838-BCD0-B7078DE2A651}.Release|Any CPU.Build.0 = Release|Any CPU
		{F1F74882-3E4C-42A0-8B6E-D907011DD9E2}.Debug|Any CPU.ActiveCfg = Debug|Any CPU
		{F1F74882-3E4C-42A0-8B6E-D907011DD9E2}.Debug|Any CPU.Build.0 = Debug|Any CPU
		{F1F74882-3E4C-42A0-8B6E-D907011DD9E2}.Release|Any CPU.ActiveCfg = Release|Any CPU
		{F1F74882-3E4C-42A0-8B6E-D907011DD9E2}.Release|Any CPU.Build.0 = Release|Any CPU
		{25D4E2CF-0F63-438F-B148-10296135B52A}.Debug|Any CPU.ActiveCfg = Debug|Any CPU
		{25D4E2CF-0F63-438F-B148-10296135B52A}.Debug|Any CPU.Build.0 = Debug|Any CPU
		{25D4E2CF-0F63-438F-B148-10296135B52A}.Release|Any CPU.ActiveCfg = Release|Any CPU
		{25D4E2CF-0F63-438F-B148-10296135B52A}.Release|Any CPU.Build.0 = Release|Any CPU
		{B2B96834-46FA-49AC-A4AF-3D86EA1ACBBC}.Debug|Any CPU.ActiveCfg = Debug|Any CPU
		{B2B96834-46FA-49AC-A4AF-3D86EA1ACBBC}.Debug|Any CPU.Build.0 = Debug|Any CPU
		{B2B96834-46FA-49AC-A4AF-3D86EA1ACBBC}.Release|Any CPU.ActiveCfg = Release|Any CPU
		{B2B96834-46FA-49AC-A4AF-3D86EA1ACBBC}.Release|Any CPU.Build.0 = Release|Any CPU
		{E3B23826-D243-42EF-9FA0-13A63DB946CA}.Debug|Any CPU.ActiveCfg = Debug|Any CPU
		{E3B23826-D243-42EF-9FA0-13A63DB946CA}.Debug|Any CPU.Build.0 = Debug|Any CPU
		{E3B23826-D243-42EF-9FA0-13A63DB946CA}.Release|Any CPU.ActiveCfg = Release|Any CPU
		{E3B23826-D243-42EF-9FA0-13A63DB946CA}.Release|Any CPU.Build.0 = Release|Any CPU
		{81981D7B-7035-4A27-B4C3-C6D7F9442498}.Debug|Any CPU.ActiveCfg = Debug|Any CPU
		{81981D7B-7035-4A27-B4C3-C6D7F9442498}.Debug|Any CPU.Build.0 = Debug|Any CPU
		{81981D7B-7035-4A27-B4C3-C6D7F9442498}.Release|Any CPU.ActiveCfg = Release|Any CPU
		{81981D7B-7035-4A27-B4C3-C6D7F9442498}.Release|Any CPU.Build.0 = Release|Any CPU
		{895252F9-F2E9-4161-916C-083BFE3768BC}.Debug|Any CPU.ActiveCfg = Debug|Any CPU
		{895252F9-F2E9-4161-916C-083BFE3768BC}.Debug|Any CPU.Build.0 = Debug|Any CPU
		{895252F9-F2E9-4161-916C-083BFE3768BC}.Release|Any CPU.ActiveCfg = Release|Any CPU
		{895252F9-F2E9-4161-916C-083BFE3768BC}.Release|Any CPU.Build.0 = Release|Any CPU
	EndGlobalSection
	GlobalSection(SolutionProperties) = preSolution
		HideSolutionNode = FALSE
	EndGlobalSection
	GlobalSection(ExtensibilityGlobals) = postSolution
		SolutionGuid = {E93E66AC-08CC-422D-A948-3868B020D999}
	EndGlobalSection
EndGlobal
